
Microsoft Visual Studio Solution File, Format Version 12.00
# Visual Studio 15
VisualStudioVersion = 15.0.27130.2027
MinimumVisualStudioVersion = 10.0.40219.1
Project("{FAE04EC0-301F-11D3-BF4B-00C04F79EFBC}") = "001_Basics", "001_Basics\001_Basics.csproj", "{3E70660F-1AB7-46F1-B7D7-44CA8EBC5901}"
EndProject
Project("{FAE04EC0-301F-11D3-BF4B-00C04F79EFBC}") = "002_TreeViewAndValueConverters", "002_TreeViewAndValueConverters\002_TreeViewAndValueConverters.csproj", "{6FB45439-C430-4115-BA10-95978515C00E}"
EndProject
Project("{FAE04EC0-301F-11D3-BF4B-00C04F79EFBC}") = "003_MVVM_Basics", "003_MVVM_Basics\003_MVVM_Basics.csproj", "{4AAF6DCA-A1B3-4122-AB48-398661231984}"
EndProject
Project("{FAE04EC0-301F-11D3-BF4B-00C04F79EFBC}") = "004_CustomWindowsChromeStyles", "004_CustomWindowsChromeStyles\004_CustomWindowsChromeStyles.csproj", "{8B90965A-B867-4C52-B843-B4DABFA423AA}"
EndProject
Project("{FAE04EC0-301F-11D3-BF4B-00C04F79EFBC}") = "005_CreatingLoginFormSignupScreen", "005_CreatingLoginFormSignupScreen\005_CreatingLoginFormSignupScreen.csproj", "{22E6F781-4A84-4925-92C8-D8C86DC38FF0}"
EndProject
Project("{2150E333-8FDC-42A3-9474-1A3956D46DE8}") = "SolutionItems", "SolutionItems", "{6F76C077-4F4D-491A-800D-E53A0D2ACAAB}"
	ProjectSection(SolutionItems) = preProject
		.gitignore = .gitignore
	EndProjectSection
EndProject
Project("{FAE04EC0-301F-11D3-BF4B-00C04F79EFBC}") = "006_AttachedProperties", "006_AttachedProperties\006_AttachedProperties.csproj", "{62479991-8815-4B8B-8AB8-4B8BB3EE4D87}"
EndProject
Project("{FAE04EC0-301F-11D3-BF4B-00C04F79EFBC}") = "007_StoryboardAnimations", "007_StoryboardAnimations\007_StoryboardAnimations.csproj", "{D760EFF0-FAE5-47D4-8F22-10C74CA834B8}"
EndProject
Global
	GlobalSection(SolutionConfigurationPlatforms) = preSolution
		Debug|Any CPU = Debug|Any CPU
		Release|Any CPU = Release|Any CPU
	EndGlobalSection
	GlobalSection(ProjectConfigurationPlatforms) = postSolution
		{3E70660F-1AB7-46F1-B7D7-44CA8EBC5901}.Debug|Any CPU.ActiveCfg = Debug|Any CPU
		{3E70660F-1AB7-46F1-B7D7-44CA8EBC5901}.Debug|Any CPU.Build.0 = Debug|Any CPU
		{3E70660F-1AB7-46F1-B7D7-44CA8EBC5901}.Release|Any CPU.ActiveCfg = Release|Any CPU
		{3E70660F-1AB7-46F1-B7D7-44CA8EBC5901}.Release|Any CPU.Build.0 = Release|Any CPU
		{6FB45439-C430-4115-BA10-95978515C00E}.Debug|Any CPU.ActiveCfg = Debug|Any CPU
		{6FB45439-C430-4115-BA10-95978515C00E}.Debug|Any CPU.Build.0 = Debug|Any CPU
		{6FB45439-C430-4115-BA10-95978515C00E}.Release|Any CPU.ActiveCfg = Release|Any CPU
		{6FB45439-C430-4115-BA10-95978515C00E}.Release|Any CPU.Build.0 = Release|Any CPU
		{4AAF6DCA-A1B3-4122-AB48-398661231984}.Debug|Any CPU.ActiveCfg = Debug|Any CPU
		{4AAF6DCA-A1B3-4122-AB48-398661231984}.Debug|Any CPU.Build.0 = Debug|Any CPU
		{4AAF6DCA-A1B3-4122-AB48-398661231984}.Release|Any CPU.ActiveCfg = Release|Any CPU
		{4AAF6DCA-A1B3-4122-AB48-398661231984}.Release|Any CPU.Build.0 = Release|Any CPU
		{8B90965A-B867-4C52-B843-B4DABFA423AA}.Debug|Any CPU.ActiveCfg = Debug|Any CPU
		{8B90965A-B867-4C52-B843-B4DABFA423AA}.Debug|Any CPU.Build.0 = Debug|Any CPU
		{8B90965A-B867-4C52-B843-B4DABFA423AA}.Release|Any CPU.ActiveCfg = Release|Any CPU
		{8B90965A-B867-4C52-B843-B4DABFA423AA}.Release|Any CPU.Build.0 = Release|Any CPU
		{22E6F781-4A84-4925-92C8-D8C86DC38FF0}.Debug|Any CPU.ActiveCfg = Debug|Any CPU
		{22E6F781-4A84-4925-92C8-D8C86DC38FF0}.Debug|Any CPU.Build.0 = Debug|Any CPU
		{22E6F781-4A84-4925-92C8-D8C86DC38FF0}.Release|Any CPU.ActiveCfg = Release|Any CPU
		{22E6F781-4A84-4925-92C8-D8C86DC38FF0}.Release|Any CPU.Build.0 = Release|Any CPU
		{62479991-8815-4B8B-8AB8-4B8BB3EE4D87}.Debug|Any CPU.ActiveCfg = Debug|Any CPU
		{62479991-8815-4B8B-8AB8-4B8BB3EE4D87}.Debug|Any CPU.Build.0 = Debug|Any CPU
		{62479991-8815-4B8B-8AB8-4B8BB3EE4D87}.Release|Any CPU.ActiveCfg = Release|Any CPU
		{62479991-8815-4B8B-8AB8-4B8BB3EE4D87}.Release|Any CPU.Build.0 = Release|Any CPU
		{D760EFF0-FAE5-47D4-8F22-10C74CA834B8}.Debug|Any CPU.ActiveCfg = Debug|Any CPU
		{D760EFF0-FAE5-47D4-8F22-10C74CA834B8}.Debug|Any CPU.Build.0 = Debug|Any CPU
		{D760EFF0-FAE5-47D4-8F22-10C74CA834B8}.Release|Any CPU.ActiveCfg = Release|Any CPU
		{D760EFF0-FAE5-47D4-8F22-10C74CA834B8}.Release|Any CPU.Build.0 = Release|Any CPU
	EndGlobalSection
	GlobalSection(SolutionProperties) = preSolution
		HideSolutionNode = FALSE
	EndGlobalSection
	GlobalSection(ExtensibilityGlobals) = postSolution
		SolutionGuid = {94D1F006-6E06-41B9-9C07-81711EF36035}
	EndGlobalSection
EndGlobal
