
Microsoft Visual Studio Solution File, Format Version 12.00
# Visual Studio 15
VisualStudioVersion = 15.0.27130.2036
MinimumVisualStudioVersion = 10.0.40219.1
Project("{2150E333-8FDC-42A3-9474-1A3956D46DE8}") = "SolutionItems", "SolutionItems", "{6F76C077-4F4D-491A-800D-E53A0D2ACAAB}"
	ProjectSection(SolutionItems) = preProject
		..\.gitignore = ..\.gitignore
	EndProjectSection
EndProject
Project("{FAE04EC0-301F-11D3-BF4B-00C04F79EFBC}") = "Chat.UI", "Chat.UI\Chat.UI.csproj", "{33F16337-57FC-40EA-B965-12318E879E9E}"
EndProject
Project("{FAE04EC0-301F-11D3-BF4B-00C04F79EFBC}") = "Chat.Core", "Chat.Core\Chat.Core.csproj", "{F627939E-744D-4979-969C-82BADE3A13DC}"
EndProject
Global
	GlobalSection(SolutionConfigurationPlatforms) = preSolution
		Debug|Any CPU = Debug|Any CPU
		Release|Any CPU = Release|Any CPU
	EndGlobalSection
	GlobalSection(ProjectConfigurationPlatforms) = postSolution
		{33F16337-57FC-40EA-B965-12318E879E9E}.Debug|Any CPU.ActiveCfg = Debug|Any CPU
		{33F16337-57FC-40EA-B965-12318E879E9E}.Debug|Any CPU.Build.0 = Debug|Any CPU
		{33F16337-57FC-40EA-B965-12318E879E9E}.Release|Any CPU.ActiveCfg = Release|Any CPU
		{33F16337-57FC-40EA-B965-12318E879E9E}.Release|Any CPU.Build.0 = Release|Any CPU
		{F627939E-744D-4979-969C-82BADE3A13DC}.Debug|Any CPU.ActiveCfg = Debug|Any CPU
		{F627939E-744D-4979-969C-82BADE3A13DC}.Debug|Any CPU.Build.0 = Debug|Any CPU
		{F627939E-744D-4979-969C-82BADE3A13DC}.Release|Any CPU.ActiveCfg = Release|Any CPU
		{F627939E-744D-4979-969C-82BADE3A13DC}.Release|Any CPU.Build.0 = Release|Any CPU
	EndGlobalSection
	GlobalSection(SolutionProperties) = preSolution
		HideSolutionNode = FALSE
	EndGlobalSection
	GlobalSection(ExtensibilityGlobals) = postSolution
		SolutionGuid = {94D1F006-6E06-41B9-9C07-81711EF36035}
	EndGlobalSection
EndGlobal
